{
  "version": 4,
  "terraform_version": "1.15.4",
  "serial": 10,
  "lineage": "c55e63fa-9cd6-b197-5ac6-d0cbb796a108",
  "outputs": {},
  "resources": [
    {
      "mode": "managed",
      "type": "local_file",
      "name": "docker_env",
      "provider": "provider[\"registry.terraform.io/hashicorp/local\"]",
      "instances": [
        {
          "schema_version": 0,
          "attributes": {
            "content": "APP_NAME=music-player-devops\nENVIRONMENT=production\nREDIS_HOST=redis\nPROMETHEUS_PORT=9090\nGRAFANA_PORT=3000\n",
            "content_base64": null,
            "content_base64sha256": "tdOJfgCMyadh4oMTJX9g8wHcRtxsMAu9o7g9uOV7QwE=",
            "content_base64sha512": "eDigGXesFwzSz+V7i25x5ExokX3HCjqGER9OiBk2mMWkxAX0FTV5mU5rw+OV5ObbmENw7hrmdSzQevc7NPqoHA==",
            "content_md5": "184f3865e169c1f213c90b0e1d3351ca",
            "content_sha1": "8a4015d5ec28eb68782200bb51bfc57b8d138201",
            "content_sha256": "b5d3897e008cc9a761e28313257f60f301dc46dc6c300bbda3b83db8e57b4301",
            "content_sha512": "7838a01977ac170cd2cfe57b8b6e71e44c68917dc70a3a86111f4e88193698c5a4c405f4153579994e6bc3e395e4e6db984370ee1ae6752cd07af73b34faa81c",
            "directory_permission": "0777",
            "file_permission": "0777",
            "filename": "./.env.production",
            "id": "8a4015d5ec28eb68782200bb51bfc57b8d138201",
            "sensitive_content": null,
            "source": null
          },
          "sensitive_attributes": [
            [
              {
                "type": "get_attr",
                "value": "sensitive_content"
              }
            ]
          ],
          "identity_schema_version": 0
        }
      ]
    },
    {
      "mode": "managed",
      "type": "local_file",
      "name": "player_config",
      "provider": "provider[\"registry.terraform.io/hashicorp/local\"]",
      "instances": [
        {
          "schema_version": 0,
          "attributes": {
            "content": "{\"app_name\":\"music-player-devops\",\"environment\":\"production\",\"services\":{\"grafana\":{\"port\":3000},\"player\":{\"port\":8000},\"prometheus\":{\"port\":9090},\"redis\":{\"port\":6379}}}",
            "content_base64": null,
            "content_base64sha256": "d3a3GR/35qRAiUGdf+E6vGXlohZHPtGcPaAjwsXo+nk=",
            "content_base64sha512": "d1F1/A0ox/0CXWGrSg5CHIOgGkjhwiBxUIaSlyUIMyCYzPkUneWC4A0wfq0TTWT0moc3KM2x1TpuQlN69+3IpQ==",
            "content_md5": "d1bd545d6dd2d3e4e79e866ff080a744",
            "content_sha1": "3aed08032ba9ec2a4b2125efac1facdd375e11c0",
            "content_sha256": "7776b7191ff7e6a44089419d7fe13abc65e5a216473ed19c3da023c2c5e8fa79",
            "content_sha512": "775175fc0d28c7fd025d61ab4a0e421c83a01a48e1c22071508692972508332098ccf9149de582e00d307ead134d64f49a873728cdb1d53a6e42537af7edc8a5",
            "directory_permission": "0777",
            "file_permission": "0777",
            "filename": "./player_config.json",
            "id": "3aed08032ba9ec2a4b2125efac1facdd375e11c0",
            "sensitive_content": null,
            "source": null
          },
          "sensitive_attributes": [
            [
              {
                "type": "get_attr",
                "value": "sensitive_content"
              }
            ]
          ],
          "identity_schema_version": 0
        }
      ]
    }
  ],
  "check_results": null
}
